{
  "name": "haraka_local",
  "version": "0.0.1",
  "lockfileVersion": 3,
  "requires": true,
  "packages": {
    "": {
      "name": "haraka_local",
      "version": "0.0.1",
      "license": "MIT",
      "dependencies": {
        "gitignore": "^0.7.0",
        "haraka-plugin-maildir": "github:alex2600/haraka-plugin-maildir"
      }
    },
    "node_modules/gitignore": {
      "version": "0.7.0",
      "resolved": "https://registry.npmjs.org/gitignore/-/gitignore-0.7.0.tgz",
      "integrity": "sha512-6iE891OyeYQYVvdoWI/hcxDWJ0sOngSpIRadxLoYbsnZdqWIUsEfx+IrOpW3d/zWBA/eKYvs6ZZx6ogz2wEGoQ==",
      "license": "MIT",
      "bin": {
        "gitignore": "bin/gitignore.js"
      },
      "engines": {
        "node": "*"
      }
    },
    "node_modules/haraka-plugin-maildir": {
      "version": "0.1.0",
      "resolved": "git+ssh://git@github.com/alex2600/haraka-plugin-maildir.git#875a69d5ea94ea9944057aa88849204e45a7afb8",
      "license": "MIT"
    }
  }
}
